
Microsoft Visual Studio Solution File, Format Version 12.00
# Visual Studio Version 16
VisualStudioVersion = 16.0.31105.61
MinimumVisualStudioVersion = 10.0.40219.1
Project("{9A19103F-16F7-4668-BE54-9A1E7A4F7556}") = "RabbitMQ-Producer", "Simplest\RabbitMQ-Producer\RabbitMQ-Producer.csproj", "{189B1E80-8BA2-448C-AC14-5258613386C2}"
EndProject
Project("{9A19103F-16F7-4668-BE54-9A1E7A4F7556}") = "RabbitMQ-Consumer", "Simplest\RabbitMQ-Consumer\RabbitMQ-Consumer.csproj", "{28892B43-D9B8-4A57-AACB-D463B0F48415}"
EndProject
Project("{9A19103F-16F7-4668-BE54-9A1E7A4F7556}") = "RabbitMQ-WorkQueue-Consumer", "RabbitMQ-WorkQueue-Consumer\RabbitMQ-WorkQueue-Consumer.csproj", "{B6039A8E-58C2-4932-B31A-74D3A5748C4A}"
EndProject
Project("{9A19103F-16F7-4668-BE54-9A1E7A4F7556}") = "RabbitMQ-WorkQueue-Consumer1", "RabbitMQ-WorkQueue-Consumer1\RabbitMQ-WorkQueue-Consumer1.csproj", "{3EEA912B-478D-42F5-9111-E39C57443226}"
EndProject
Project("{9A19103F-16F7-4668-BE54-9A1E7A4F7556}") = "RabbitMQ-WorkQueue-Producer", "RabbitMQ-WorkQueue-Producer\RabbitMQ-WorkQueue-Producer.csproj", "{1366781F-0CF5-4597-8F41-0EBEA78FC4D2}"
EndProject
Project("{9A19103F-16F7-4668-BE54-9A1E7A4F7556}") = "RabbitMQ-Pub", "RabbitMQ-Pub\RabbitMQ-Pub.csproj", "{126C3975-C4C6-4952-8ED0-56D2F108E393}"
EndProject
Project("{9A19103F-16F7-4668-BE54-9A1E7A4F7556}") = "RabbitMQ_Sub", "RabbitMQ_Sub\RabbitMQ_Sub.csproj", "{D06ADEAA-E50C-4246-989E-EF484BBC379B}"
EndProject
Project("{2150E333-8FDC-42A3-9474-1A3956D46DE8}") = "Pub_Sub", "Pub_Sub", "{1DC58BBC-D570-4479-A6BD-7D3F19E3AE56}"
EndProject
Project("{2150E333-8FDC-42A3-9474-1A3956D46DE8}") = "WorkQueue", "WorkQueue", "{EF2347FA-F27E-486A-A8E6-8DC0C92AAF3A}"
EndProject
Project("{9A19103F-16F7-4668-BE54-9A1E7A4F7556}") = "RabbitMQ-Routing-Producer", "RabbitMQ-Routing\RabbitMQ-Routing-Producer.csproj", "{3C413813-C100-4F9C-821B-110CF298DE4D}"
EndProject
Project("{9A19103F-16F7-4668-BE54-9A1E7A4F7556}") = "RabbitMQ-Routing-Consumer", "RabbitMQ-Routing-Consumer\RabbitMQ-Routing-Consumer.csproj", "{C6386E20-7A1A-4199-9C7B-E5BC1FA8C455}"
EndProject
Project("{2150E333-8FDC-42A3-9474-1A3956D46DE8}") = "Routing", "Routing", "{87DFB329-C4B6-423B-A564-F9A488CC04CC}"
EndProject
Project("{9A19103F-16F7-4668-BE54-9A1E7A4F7556}") = "RabbitMQ-Topic-Consumer", "RabbitMQ-Topic-Consumer\RabbitMQ-Topic-Consumer.csproj", "{5AFDF65D-444F-4486-B4DB-D1938B3F6CE3}"
EndProject
Project("{9A19103F-16F7-4668-BE54-9A1E7A4F7556}") = "RabbitMQ-Topic-Producer", "RabbitMQ-Topic-Producer\RabbitMQ-Topic-Producer.csproj", "{38F1920D-BE00-48A4-B2B1-94564C768761}"
EndProject
Project("{2150E333-8FDC-42A3-9474-1A3956D46DE8}") = "Topic", "Topic", "{60EBB653-BD2B-46DE-B4FA-04B53073E53E}"
EndProject
Project("{9A19103F-16F7-4668-BE54-9A1E7A4F7556}") = "RabbitMQ-RPCClient", "RabbitMQ-RPCClient\RabbitMQ-RPCClient.csproj", "{6058BC4C-0291-4342-B155-37ADC475370E}"
EndProject
Project("{9A19103F-16F7-4668-BE54-9A1E7A4F7556}") = "RabbitMQ-RPCServer", "RabbitMQ-RPCServer\RabbitMQ-RPCServer.csproj", "{09604D24-8CD7-453B-B94B-449B3A31018C}"
EndProject
Project("{2150E333-8FDC-42A3-9474-1A3956D46DE8}") = "RPC", "RPC", "{0F2EF403-332E-4D35-A8D6-C47E683DF7D5}"
EndProject
Project("{FAE04EC0-301F-11D3-BF4B-00C04F79EFBC}") = "RabbitMQ-TTL-Producer", "RabbitMQ-TTL-Producer\RabbitMQ-TTL-Producer.csproj", "{128AFEB0-5E81-4036-8263-F49AADDAA73F}"
EndProject
Project("{FAE04EC0-301F-11D3-BF4B-00C04F79EFBC}") = "RabbitMQ-TTL-Consumer", "RabbitMQ-TTL-Consumer\RabbitMQ-TTL-Consumer.csproj", "{CA122A16-1449-40F7-913A-B9A25E339425}"
EndProject
Project("{2150E333-8FDC-42A3-9474-1A3956D46DE8}") = "TTl", "TTl", "{4581B0B9-3040-4E27-AF11-C6813DD74611}"
EndProject
Global
	GlobalSection(SolutionConfigurationPlatforms) = preSolution
		Debug|Any CPU = Debug|Any CPU
		Release|Any CPU = Release|Any CPU
	EndGlobalSection
	GlobalSection(ProjectConfigurationPlatforms) = postSolution
		{189B1E80-8BA2-448C-AC14-5258613386C2}.Debug|Any CPU.ActiveCfg = Debug|Any CPU
		{189B1E80-8BA2-448C-AC14-5258613386C2}.Debug|Any CPU.Build.0 = Debug|Any CPU
		{189B1E80-8BA2-448C-AC14-5258613386C2}.Release|Any CPU.ActiveCfg = Release|Any CPU
		{189B1E80-8BA2-448C-AC14-5258613386C2}.Release|Any CPU.Build.0 = Release|Any CPU
		{28892B43-D9B8-4A57-AACB-D463B0F48415}.Debug|Any CPU.ActiveCfg = Debug|Any CPU
		{28892B43-D9B8-4A57-AACB-D463B0F48415}.Debug|Any CPU.Build.0 = Debug|Any CPU
		{28892B43-D9B8-4A57-AACB-D463B0F48415}.Release|Any CPU.ActiveCfg = Release|Any CPU
		{28892B43-D9B8-4A57-AACB-D463B0F48415}.Release|Any CPU.Build.0 = Release|Any CPU
		{B6039A8E-58C2-4932-B31A-74D3A5748C4A}.Debug|Any CPU.ActiveCfg = Debug|Any CPU
		{B6039A8E-58C2-4932-B31A-74D3A5748C4A}.Debug|Any CPU.Build.0 = Debug|Any CPU
		{B6039A8E-58C2-4932-B31A-74D3A5748C4A}.Release|Any CPU.ActiveCfg = Release|Any CPU
		{B6039A8E-58C2-4932-B31A-74D3A5748C4A}.Release|Any CPU.Build.0 = Release|Any CPU
		{3EEA912B-478D-42F5-9111-E39C57443226}.Debug|Any CPU.ActiveCfg = Debug|Any CPU
		{3EEA912B-478D-42F5-9111-E39C57443226}.Debug|Any CPU.Build.0 = Debug|Any CPU
		{3EEA912B-478D-42F5-9111-E39C57443226}.Release|Any CPU.ActiveCfg = Release|Any CPU
		{3EEA912B-478D-42F5-9111-E39C57443226}.Release|Any CPU.Build.0 = Release|Any CPU
		{1366781F-0CF5-4597-8F41-0EBEA78FC4D2}.Debug|Any CPU.ActiveCfg = Debug|Any CPU
		{1366781F-0CF5-4597-8F41-0EBEA78FC4D2}.Debug|Any CPU.Build.0 = Debug|Any CPU
		{1366781F-0CF5-4597-8F41-0EBEA78FC4D2}.Release|Any CPU.ActiveCfg = Release|Any CPU
		{1366781F-0CF5-4597-8F41-0EBEA78FC4D2}.Release|Any CPU.Build.0 = Release|Any CPU
		{126C3975-C4C6-4952-8ED0-56D2F108E393}.Debug|Any CPU.ActiveCfg = Debug|Any CPU
		{126C3975-C4C6-4952-8ED0-56D2F108E393}.Debug|Any CPU.Build.0 = Debug|Any CPU
		{126C3975-C4C6-4952-8ED0-56D2F108E393}.Release|Any CPU.ActiveCfg = Release|Any CPU
		{126C3975-C4C6-4952-8ED0-56D2F108E393}.Release|Any CPU.Build.0 = Release|Any CPU
		{D06ADEAA-E50C-4246-989E-EF484BBC379B}.Debug|Any CPU.ActiveCfg = Debug|Any CPU
		{D06ADEAA-E50C-4246-989E-EF484BBC379B}.Debug|Any CPU.Build.0 = Debug|Any CPU
		{D06ADEAA-E50C-4246-989E-EF484BBC379B}.Release|Any CPU.ActiveCfg = Release|Any CPU
		{D06ADEAA-E50C-4246-989E-EF484BBC379B}.Release|Any CPU.Build.0 = Release|Any CPU
		{3C413813-C100-4F9C-821B-110CF298DE4D}.Debug|Any CPU.ActiveCfg = Debug|Any CPU
		{3C413813-C100-4F9C-821B-110CF298DE4D}.Debug|Any CPU.Build.0 = Debug|Any CPU
		{3C413813-C100-4F9C-821B-110CF298DE4D}.Release|Any CPU.ActiveCfg = Release|Any CPU
		{3C413813-C100-4F9C-821B-110CF298DE4D}.Release|Any CPU.Build.0 = Release|Any CPU
		{C6386E20-7A1A-4199-9C7B-E5BC1FA8C455}.Debug|Any CPU.ActiveCfg = Debug|Any CPU
		{C6386E20-7A1A-4199-9C7B-E5BC1FA8C455}.Debug|Any CPU.Build.0 = Debug|Any CPU
		{C6386E20-7A1A-4199-9C7B-E5BC1FA8C455}.Release|Any CPU.ActiveCfg = Release|Any CPU
		{C6386E20-7A1A-4199-9C7B-E5BC1FA8C455}.Release|Any CPU.Build.0 = Release|Any CPU
		{5AFDF65D-444F-4486-B4DB-D1938B3F6CE3}.Debug|Any CPU.ActiveCfg = Debug|Any CPU
		{5AFDF65D-444F-4486-B4DB-D1938B3F6CE3}.Debug|Any CPU.Build.0 = Debug|Any CPU
		{5AFDF65D-444F-4486-B4DB-D1938B3F6CE3}.Release|Any CPU.ActiveCfg = Release|Any CPU
		{5AFDF65D-444F-4486-B4DB-D1938B3F6CE3}.Release|Any CPU.Build.0 = Release|Any CPU
		{38F1920D-BE00-48A4-B2B1-94564C768761}.Debug|Any CPU.ActiveCfg = Debug|Any CPU
		{38F1920D-BE00-48A4-B2B1-94564C768761}.Debug|Any CPU.Build.0 = Debug|Any CPU
		{38F1920D-BE00-48A4-B2B1-94564C768761}.Release|Any CPU.ActiveCfg = Release|Any CPU
		{38F1920D-BE00-48A4-B2B1-94564C768761}.Release|Any CPU.Build.0 = Release|Any CPU
		{6058BC4C-0291-4342-B155-37ADC475370E}.Debug|Any CPU.ActiveCfg = Debug|Any CPU
		{6058BC4C-0291-4342-B155-37ADC475370E}.Debug|Any CPU.Build.0 = Debug|Any CPU
		{6058BC4C-0291-4342-B155-37ADC475370E}.Release|Any CPU.ActiveCfg = Release|Any CPU
		{6058BC4C-0291-4342-B155-37ADC475370E}.Release|Any CPU.Build.0 = Release|Any CPU
		{09604D24-8CD7-453B-B94B-449B3A31018C}.Debug|Any CPU.ActiveCfg = Debug|Any CPU
		{09604D24-8CD7-453B-B94B-449B3A31018C}.Debug|Any CPU.Build.0 = Debug|Any CPU
		{09604D24-8CD7-453B-B94B-449B3A31018C}.Release|Any CPU.ActiveCfg = Release|Any CPU
		{09604D24-8CD7-453B-B94B-449B3A31018C}.Release|Any CPU.Build.0 = Release|Any CPU
		{128AFEB0-5E81-4036-8263-F49AADDAA73F}.Debug|Any CPU.ActiveCfg = Debug|Any CPU
		{128AFEB0-5E81-4036-8263-F49AADDAA73F}.Debug|Any CPU.Build.0 = Debug|Any CPU
		{128AFEB0-5E81-4036-8263-F49AADDAA73F}.Release|Any CPU.ActiveCfg = Release|Any CPU
		{128AFEB0-5E81-4036-8263-F49AADDAA73F}.Release|Any CPU.Build.0 = Release|Any CPU
		{CA122A16-1449-40F7-913A-B9A25E339425}.Debug|Any CPU.ActiveCfg = Debug|Any CPU
		{CA122A16-1449-40F7-913A-B9A25E339425}.Debug|Any CPU.Build.0 = Debug|Any CPU
		{CA122A16-1449-40F7-913A-B9A25E339425}.Release|Any CPU.ActiveCfg = Release|Any CPU
		{CA122A16-1449-40F7-913A-B9A25E339425}.Release|Any CPU.Build.0 = Release|Any CPU
	EndGlobalSection
	GlobalSection(SolutionProperties) = preSolution
		HideSolutionNode = FALSE
	EndGlobalSection
	GlobalSection(NestedProjects) = preSolution
		{B6039A8E-58C2-4932-B31A-74D3A5748C4A} = {EF2347FA-F27E-486A-A8E6-8DC0C92AAF3A}
		{3EEA912B-478D-42F5-9111-E39C57443226} = {EF2347FA-F27E-486A-A8E6-8DC0C92AAF3A}
		{1366781F-0CF5-4597-8F41-0EBEA78FC4D2} = {EF2347FA-F27E-486A-A8E6-8DC0C92AAF3A}
		{126C3975-C4C6-4952-8ED0-56D2F108E393} = {1DC58BBC-D570-4479-A6BD-7D3F19E3AE56}
		{D06ADEAA-E50C-4246-989E-EF484BBC379B} = {1DC58BBC-D570-4479-A6BD-7D3F19E3AE56}
		{3C413813-C100-4F9C-821B-110CF298DE4D} = {87DFB329-C4B6-423B-A564-F9A488CC04CC}
		{C6386E20-7A1A-4199-9C7B-E5BC1FA8C455} = {87DFB329-C4B6-423B-A564-F9A488CC04CC}
		{5AFDF65D-444F-4486-B4DB-D1938B3F6CE3} = {60EBB653-BD2B-46DE-B4FA-04B53073E53E}
		{38F1920D-BE00-48A4-B2B1-94564C768761} = {60EBB653-BD2B-46DE-B4FA-04B53073E53E}
		{6058BC4C-0291-4342-B155-37ADC475370E} = {0F2EF403-332E-4D35-A8D6-C47E683DF7D5}
		{09604D24-8CD7-453B-B94B-449B3A31018C} = {0F2EF403-332E-4D35-A8D6-C47E683DF7D5}
		{128AFEB0-5E81-4036-8263-F49AADDAA73F} = {4581B0B9-3040-4E27-AF11-C6813DD74611}
		{CA122A16-1449-40F7-913A-B9A25E339425} = {4581B0B9-3040-4E27-AF11-C6813DD74611}
	EndGlobalSection
	GlobalSection(ExtensibilityGlobals) = postSolution
		SolutionGuid = {ADB7F54B-249C-438B-A618-85531FFFCBBB}
	EndGlobalSection
EndGlobal
